
Microsoft Visual Studio Solution File, Format Version 12.00
# Visual Studio Version 17
VisualStudioVersion = 17.13.35931.197 d17.13
MinimumVisualStudioVersion = 10.0.40219.1
Project("{FAE04EC0-301F-11D3-BF4B-00C04F79EFBC}") = "UpNext", "UpNext\UpNext.csproj", "{38B845CF-9590-4498-B364-966BD2CDEFAD}"
EndProject
Global
	GlobalSection(SolutionConfigurationPlatforms) = preSolution
		Debug|Any CPU = Debug|Any CPU
		Release|Any CPU = Release|Any CPU
	EndGlobalSection
	GlobalSection(ProjectConfigurationPlatforms) = postSolution
		{38B845CF-9590-4498-B364-966BD2CDEFAD}.Debug|Any CPU.ActiveCfg = Debug|Any CPU
		{38B845CF-9590-4498-B364-966BD2CDEFAD}.Debug|Any CPU.Build.0 = Debug|Any CPU
		{38B845CF-9590-4498-B364-966BD2CDEFAD}.Release|Any CPU.ActiveCfg = Release|Any CPU
		{38B845CF-9590-4498-B364-966BD2CDEFAD}.Release|Any CPU.Build.0 = Release|Any CPU
	EndGlobalSection
	GlobalSection(SolutionProperties) = preSolution
		HideSolutionNode = FALSE
	EndGlobalSection
	GlobalSection(ExtensibilityGlobals) = postSolution
		SolutionGuid = {30EB5502-43AA-4340-96E5-1A92192E59C6}
	EndGlobalSection
EndGlobal
